{
  "version": 4,
  "terraform_version": "0.12.17",
  "serial": 312,
  "lineage": "c50cd0f8-a924-7b31-64d8-283deba8a4cb",
  "outputs": {
    "server_ip": {
      "value": [
        "178.128.183.142",
        "178.128.183.146",
        "178.128.183.155"
      ],
      "type": [
        "tuple",
        [
          "string",
          "string",
          "string"
        ]
      ]
    },
    "server_name": {
      "value": [
        "sv-test-1",
        "sv-test-2",
        "sv-test-3"
      ],
      "type": [
        "tuple",
        [
          "string",
          "string",
          "string"
        ]
      ]
    }
  },
  "resources": [
    {
      "mode": "data",
      "type": "digitalocean_domain",
      "name": "web",
      "provider": "provider.digitalocean",
      "instances": [
        {
          "schema_version": 0,
          "attributes": {
            "id": "softvision.site",
            "name": "softvision.site",
            "ttl": 1800,
            "urn": "do:domain:softvision.site",
            "zone_file": "$ORIGIN softvision.site.\n$TTL 1800\nsoftvision.site. IN SOA ns1.digitalocean.com. hostmaster.softvision.site. 1581388421 10800 3600 604800 1800\nsoftvision.site. 1800 IN NS ns1.digitalocean.com.\nsoftvision.site. 1800 IN NS ns2.digitalocean.com.\nsoftvision.site. 1800 IN NS ns3.digitalocean.com.\n"
          }
        }
      ]
    },
    {
      "mode": "data",
      "type": "digitalocean_ssh_key",
      "name": "chrisb",
      "provider": "provider.digitalocean",
      "instances": [
        {
          "schema_version": 0,
          "attributes": {
            "fingerprint": "a5:72:5a:9d:18:86:04:bd:cf:55:0b:33:c1:54:35:b4",
            "id": "26494785",
            "name": "chrisb",
            "public_key": "ssh-rsa AAAAB3NzaC1yc2EAAAADAQABAAABAQDKpvVd05MqJyKtD6ea2yATZ2GsiWRnxuTb2aylsjB3KFRBNMIY22tu//J4cMmQE9o30FuqfVtT202PXU4O2R2Lj309VV6ZMUenzkYOLwJsHF0DVqGshNBPX1tOFIHci9GSqeJwMs/I8kU2OfFGxaQIXmIINMaRTtGfPdF9FLidcS+sGNYYueHH281GA0AelC4K3pymLHz1esxKC1B8Oc2uK9eRyHOd82hb3NjMvQqZ2br+A5KJ2kDH79894vJECVBd6fsOUAceA3GvKgFXC2CdLUZm431Sq8vpPEOLBr4hluumrfhv3oeeOw6boEiD8ymMM5v8JcuZ9PSl//d0U9HB christopherbomar@atl0708-wifi.har.ca.kp.org"
          }
        }
      ]
    },
    {
      "mode": "data",
      "type": "digitalocean_ssh_key",
      "name": "main",
      "provider": "provider.digitalocean",
      "instances": [
        {
          "schema_version": 0,
          "attributes": {
            "fingerprint": "ba:e7:68:84:b8:98:d4:b4:6f:ae:b5:dc:5e:41:78:41",
            "id": "25186834",
            "name": "main",
            "public_key": "ssh-rsa AAAAB3NzaC1yc2EAAAABIwAAAQEAmoBrVcKQqq5ar5u8QPs/bMJGapJYfBU4QctpZsDCSfgw4NWU9TJa2t3Bzl2hKzXC8I2hN6i2ai8M6jtEgcCT0UvNL2gPFQmMupjXSkgeGppfaRtYWCGtLRu18dGNVwN+vqcoCColeHUGcsRya02APZ34D1YIiZAvS1VtS8mMeRI8gfoFO9dORSteMySwioT7HSXbMoccamK7KfapRq/vo3D3Ovw6PCPJ/K9hhupV+LhRQBFOeVsx4dy3WEswH0FMn72GSjf/sImqze49LSVbu93j4LFh59Vw2qfzRbe/xDFzPq2efSHovF5++bpNMPjyK5NCNc6Jceqe38NFAG5mWw== chet@pressler.com"
          }
        }
      ]
    },
    {
      "mode": "data",
      "type": "digitalocean_ssh_key",
      "name": "work",
      "provider": "provider.digitalocean",
      "instances": [
        {
          "schema_version": 0,
          "attributes": {
            "fingerprint": "a1:a3:ef:1c:5a:e3:e0:28:6c:ed:a1:44:97:12:b4:b1",
            "id": "26416617",
            "name": "work",
            "public_key": "ssh-rsa AAAAB3NzaC1yc2EAAAADAQABAAABAQDBzgSA++grLJ6CqmhNjizNKgHohN+vplc8L+vksGuQsgBJJWMmkBfmzqRdjOSUaM5QunrOHWWrcPbcSEinOQhAhQFATm25sBgH0ljmZEbo/G74+BJvQPFNms0+AshIw06SlpccsUS8w+EzO7yUF+mfbtmPZel86gEVMKSuYeZyVJT3TtOTirQ5sbtCNm+HAwgsJsAX6mfaAUWWMxxTluAABa63s3tkEjuhLNXsw8zRgCMsg0DG1k9eZ1uoqNdk2fTWt+ld6L0bAAxzkbbCo3lCSj0ujK52uc5pZzh4rKgS9UUFZ+febCjM9XDb2i/A6N/eycy0mnN98oR5U6mh60dz chesterpressler@svuslp00099-78.local"
          }
        }
      ]
    },
    {
      "mode": "managed",
      "type": "digitalocean_droplet",
      "name": "webub",
      "each": "list",
      "provider": "provider.digitalocean",
      "instances": [
        {
          "index_key": 0,
          "schema_version": 1,
          "attributes": {
            "backups": false,
            "created_at": "2020-02-11T02:34:27Z",
            "disk": 25,
            "id": "179863919",
            "image": "centos-7-x64",
            "ipv4_address": "178.128.183.142",
            "ipv4_address_private": "10.138.82.98",
            "ipv6": false,
            "ipv6_address": "",
            "ipv6_address_private": null,
            "locked": false,
            "memory": 1024,
            "monitoring": false,
            "name": "sv-test-1",
            "price_hourly": 0.00744,
            "price_monthly": 5,
            "private_networking": true,
            "region": "sfo2",
            "resize_disk": true,
            "size": "s-1vcpu-1gb",
            "ssh_keys": [
              "25186834",
              "26416617",
              "26494785"
            ],
            "status": "active",
            "tags": null,
            "urn": "do:droplet:179863919",
            "user_data": null,
            "vcpus": 1,
            "volume_ids": []
          },
          "private": "eyJzY2hlbWFfdmVyc2lvbiI6IjEifQ=="
        },
        {
          "index_key": 1,
          "schema_version": 1,
          "attributes": {
            "backups": false,
            "created_at": "2020-02-11T02:34:27Z",
            "disk": 25,
            "id": "179863920",
            "image": "centos-7-x64",
            "ipv4_address": "178.128.183.146",
            "ipv4_address_private": "10.138.42.90",
            "ipv6": false,
            "ipv6_address": "",
            "ipv6_address_private": null,
            "locked": false,
            "memory": 1024,
            "monitoring": false,
            "name": "sv-test-2",
            "price_hourly": 0.00744,
            "price_monthly": 5,
            "private_networking": true,
            "region": "sfo2",
            "resize_disk": true,
            "size": "s-1vcpu-1gb",
            "ssh_keys": [
              "25186834",
              "26416617",
              "26494785"
            ],
            "status": "active",
            "tags": null,
            "urn": "do:droplet:179863920",
            "user_data": null,
            "vcpus": 1,
            "volume_ids": []
          },
          "private": "eyJzY2hlbWFfdmVyc2lvbiI6IjEifQ=="
        },
        {
          "index_key": 2,
          "schema_version": 1,
          "attributes": {
            "backups": false,
            "created_at": "2020-02-11T02:34:27Z",
            "disk": 25,
            "id": "179863921",
            "image": "centos-7-x64",
            "ipv4_address": "178.128.183.155",
            "ipv4_address_private": "10.138.170.95",
            "ipv6": false,
            "ipv6_address": "",
            "ipv6_address_private": null,
            "locked": false,
            "memory": 1024,
            "monitoring": false,
            "name": "sv-test-3",
            "price_hourly": 0.00744,
            "price_monthly": 5,
            "private_networking": true,
            "region": "sfo2",
            "resize_disk": true,
            "size": "s-1vcpu-1gb",
            "ssh_keys": [
              "25186834",
              "26416617",
              "26494785"
            ],
            "status": "active",
            "tags": null,
            "urn": "do:droplet:179863921",
            "user_data": null,
            "vcpus": 1,
            "volume_ids": []
          },
          "private": "eyJzY2hlbWFfdmVyc2lvbiI6IjEifQ=="
        }
      ]
    },
    {
      "mode": "managed",
      "type": "digitalocean_record",
      "name": "consul",
      "each": "list",
      "provider": "provider.digitalocean",
      "instances": [
        {
          "index_key": 0,
          "schema_version": 0,
          "attributes": {
            "domain": "softvision.site",
            "flags": 0,
            "fqdn": "consul-1.softvision.site",
            "id": "89683688",
            "name": "consul-1",
            "port": 0,
            "priority": 0,
            "tag": "",
            "ttl": 30,
            "type": "CNAME",
            "value": "sv-test-1.softvision.site.",
            "weight": 0
          },
          "private": "bnVsbA==",
          "dependencies": [
            "digitalocean_droplet.webub"
          ]
        },
        {
          "index_key": 1,
          "schema_version": 0,
          "attributes": {
            "domain": "softvision.site",
            "flags": 0,
            "fqdn": "consul-2.softvision.site",
            "id": "89683686",
            "name": "consul-2",
            "port": 0,
            "priority": 0,
            "tag": "",
            "ttl": 30,
            "type": "CNAME",
            "value": "sv-test-2.softvision.site.",
            "weight": 0
          },
          "private": "bnVsbA==",
          "dependencies": [
            "digitalocean_droplet.webub"
          ]
        },
        {
          "index_key": 2,
          "schema_version": 0,
          "attributes": {
            "domain": "softvision.site",
            "flags": 0,
            "fqdn": "consul-3.softvision.site",
            "id": "89683691",
            "name": "consul-3",
            "port": 0,
            "priority": 0,
            "tag": "",
            "ttl": 30,
            "type": "CNAME",
            "value": "sv-test-3.softvision.site.",
            "weight": 0
          },
          "private": "bnVsbA==",
          "dependencies": [
            "digitalocean_droplet.webub"
          ]
        }
      ]
    },
    {
      "mode": "managed",
      "type": "digitalocean_record",
      "name": "web",
      "each": "list",
      "provider": "provider.digitalocean",
      "instances": [
        {
          "index_key": 0,
          "schema_version": 0,
          "attributes": {
            "domain": "softvision.site",
            "flags": 0,
            "fqdn": "sv-test-1.softvision.site",
            "id": "89683687",
            "name": "sv-test-1",
            "port": 0,
            "priority": 0,
            "tag": "",
            "ttl": 30,
            "type": "A",
            "value": "178.128.183.142",
            "weight": 0
          },
          "private": "bnVsbA==",
          "dependencies": [
            "digitalocean_droplet.webub"
          ]
        },
        {
          "index_key": 1,
          "schema_version": 0,
          "attributes": {
            "domain": "softvision.site",
            "flags": 0,
            "fqdn": "sv-test-2.softvision.site",
            "id": "89683690",
            "name": "sv-test-2",
            "port": 0,
            "priority": 0,
            "tag": "",
            "ttl": 30,
            "type": "A",
            "value": "178.128.183.146",
            "weight": 0
          },
          "private": "bnVsbA==",
          "dependencies": [
            "digitalocean_droplet.webub"
          ]
        },
        {
          "index_key": 2,
          "schema_version": 0,
          "attributes": {
            "domain": "softvision.site",
            "flags": 0,
            "fqdn": "sv-test-3.softvision.site",
            "id": "89683689",
            "name": "sv-test-3",
            "port": 0,
            "priority": 0,
            "tag": "",
            "ttl": 30,
            "type": "A",
            "value": "178.128.183.155",
            "weight": 0
          },
          "private": "bnVsbA==",
          "dependencies": [
            "digitalocean_droplet.webub"
          ]
        }
      ]
    }
  ]
}
