{
  "version": 4,
  "terraform_version": "0.12.17",
  "serial": 58,
  "lineage": "c50cd0f8-a924-7b31-64d8-283deba8a4cb",
  "outputs": {
    "server_ip": {
      "value": [
        "157.245.4.255",
        "157.245.209.133"
      ],
      "type": [
        "tuple",
        [
          "string",
          "string"
        ]
      ]
    },
    "server_name": {
      "value": [
        "sv-test-1",
        "sv-test-2"
      ],
      "type": [
        "tuple",
        [
          "string",
          "string"
        ]
      ]
    }
  },
  "resources": [
    {
      "mode": "data",
      "type": "digitalocean_domain",
      "name": "web",
      "provider": "provider.digitalocean",
      "instances": [
        {
          "schema_version": 0,
          "attributes": {
            "id": "softvision.site",
            "name": "softvision.site",
            "ttl": 1800,
            "urn": "do:domain:softvision.site",
            "zone_file": "$ORIGIN softvision.site.\n$TTL 1800\nsoftvision.site. IN SOA ns1.digitalocean.com. hostmaster.softvision.site. 1580431619 10800 3600 604800 1800\nsoftvision.site. 1800 IN NS ns1.digitalocean.com.\nsoftvision.site. 1800 IN NS ns2.digitalocean.com.\nsoftvision.site. 1800 IN NS ns3.digitalocean.com.\n"
          }
        }
      ]
    },
    {
      "mode": "data",
      "type": "digitalocean_ssh_key",
      "name": "main",
      "provider": "provider.digitalocean",
      "instances": [
        {
          "schema_version": 0,
          "attributes": {
            "fingerprint": "ba:e7:68:84:b8:98:d4:b4:6f:ae:b5:dc:5e:41:78:41",
            "id": "25186834",
            "name": "main",
            "public_key": "ssh-rsa AAAAB3NzaC1yc2EAAAABIwAAAQEAmoBrVcKQqq5ar5u8QPs/bMJGapJYfBU4QctpZsDCSfgw4NWU9TJa2t3Bzl2hKzXC8I2hN6i2ai8M6jtEgcCT0UvNL2gPFQmMupjXSkgeGppfaRtYWCGtLRu18dGNVwN+vqcoCColeHUGcsRya02APZ34D1YIiZAvS1VtS8mMeRI8gfoFO9dORSteMySwioT7HSXbMoccamK7KfapRq/vo3D3Ovw6PCPJ/K9hhupV+LhRQBFOeVsx4dy3WEswH0FMn72GSjf/sImqze49LSVbu93j4LFh59Vw2qfzRbe/xDFzPq2efSHovF5++bpNMPjyK5NCNc6Jceqe38NFAG5mWw== chet@pressler.com"
          }
        }
      ]
    },
    {
      "mode": "data",
      "type": "digitalocean_ssh_key",
      "name": "work",
      "provider": "provider.digitalocean",
      "instances": [
        {
          "schema_version": 0,
          "attributes": {
            "fingerprint": "a1:a3:ef:1c:5a:e3:e0:28:6c:ed:a1:44:97:12:b4:b1",
            "id": "26416617",
            "name": "work",
            "public_key": "ssh-rsa AAAAB3NzaC1yc2EAAAADAQABAAABAQDBzgSA++grLJ6CqmhNjizNKgHohN+vplc8L+vksGuQsgBJJWMmkBfmzqRdjOSUaM5QunrOHWWrcPbcSEinOQhAhQFATm25sBgH0ljmZEbo/G74+BJvQPFNms0+AshIw06SlpccsUS8w+EzO7yUF+mfbtmPZel86gEVMKSuYeZyVJT3TtOTirQ5sbtCNm+HAwgsJsAX6mfaAUWWMxxTluAABa63s3tkEjuhLNXsw8zRgCMsg0DG1k9eZ1uoqNdk2fTWt+ld6L0bAAxzkbbCo3lCSj0ujK52uc5pZzh4rKgS9UUFZ+febCjM9XDb2i/A6N/eycy0mnN98oR5U6mh60dz chesterpressler@svuslp00099-78.local"
          }
        }
      ]
    },
    {
      "mode": "managed",
      "type": "digitalocean_droplet",
      "name": "webub",
      "each": "list",
      "provider": "provider.digitalocean",
      "instances": [
        {
          "index_key": 0,
          "schema_version": 1,
          "attributes": {
            "backups": false,
            "created_at": "2020-01-31T00:48:12Z",
            "disk": 25,
            "id": "178033732",
            "image": "ubuntu-18-04-x64",
            "ipv4_address": "157.245.4.255",
            "ipv4_address_private": "",
            "ipv6": false,
            "ipv6_address": "",
            "ipv6_address_private": null,
            "locked": false,
            "memory": 1024,
            "monitoring": false,
            "name": "sv-test-1",
            "price_hourly": 0.00744,
            "price_monthly": 5,
            "private_networking": false,
            "region": "nyc3",
            "resize_disk": true,
            "size": "s-1vcpu-1gb",
            "ssh_keys": [
              "25186834",
              "26416617"
            ],
            "status": "active",
            "tags": null,
            "urn": "do:droplet:178033732",
            "user_data": null,
            "vcpus": 1,
            "volume_ids": []
          },
          "private": "eyJzY2hlbWFfdmVyc2lvbiI6IjEifQ=="
        },
        {
          "index_key": 1,
          "schema_version": 1,
          "attributes": {
            "backups": false,
            "created_at": "2020-01-31T00:48:12Z",
            "disk": 25,
            "id": "178033733",
            "image": "ubuntu-18-04-x64",
            "ipv4_address": "157.245.209.133",
            "ipv4_address_private": "",
            "ipv6": false,
            "ipv6_address": "",
            "ipv6_address_private": null,
            "locked": false,
            "memory": 1024,
            "monitoring": false,
            "name": "sv-test-2",
            "price_hourly": 0.00744,
            "price_monthly": 5,
            "private_networking": false,
            "region": "nyc3",
            "resize_disk": true,
            "size": "s-1vcpu-1gb",
            "ssh_keys": [
              "25186834",
              "26416617"
            ],
            "status": "active",
            "tags": null,
            "urn": "do:droplet:178033733",
            "user_data": null,
            "vcpus": 1,
            "volume_ids": []
          },
          "private": "eyJzY2hlbWFfdmVyc2lvbiI6IjEifQ=="
        }
      ]
    },
    {
      "mode": "managed",
      "type": "digitalocean_record",
      "name": "web",
      "each": "list",
      "provider": "provider.digitalocean",
      "instances": [
        {
          "index_key": 0,
          "schema_version": 0,
          "attributes": {
            "domain": "softvision.site",
            "flags": 0,
            "fqdn": "sv-test-1.softvision.site",
            "id": "88869726",
            "name": "sv-test-1",
            "port": 0,
            "priority": 0,
            "tag": "",
            "ttl": 30,
            "type": "A",
            "value": "157.245.4.255",
            "weight": 0
          },
          "private": "bnVsbA==",
          "dependencies": [
            "digitalocean_droplet.webub"
          ]
        },
        {
          "index_key": 1,
          "schema_version": 0,
          "attributes": {
            "domain": "softvision.site",
            "flags": 0,
            "fqdn": "sv-test-2.softvision.site",
            "id": "88869727",
            "name": "sv-test-2",
            "port": 0,
            "priority": 0,
            "tag": "",
            "ttl": 30,
            "type": "A",
            "value": "157.245.209.133",
            "weight": 0
          },
          "private": "bnVsbA==",
          "dependencies": [
            "digitalocean_droplet.webub"
          ]
        }
      ]
    }
  ]
}
